// !$*UTF8*$!
{
	archiveVersion = 1;
	classes = {
	};
	objectVersion = 56;
	objects = {

/* Begin PBXBuildFile section */
		0F5F747C65A38CB29DEAD77B /* Pods_SoftTennis.framework in Frameworks */ = {isa = PBXBuildFile; fileRef = B577B281EC96698C9A82B3C3 /* Pods_SoftTennis.framework */; };
		5489185181D65AB16EAA67BD /* Pods_SoftTennisTests.framework in Frameworks */ = {isa = PBXBuildFile; fileRef = CB983EC1B74F4AC6D5BFCAF0 /* Pods_SoftTennisTests.framework */; };
		9D14D2DF292CB2B800B6B469 /* record.storyboard in Resources */ = {isa = PBXBuildFile; fileRef = 9D14D2DE292CB2B800B6B469 /* record.storyboard */; };
		9D14D2E1292CEEA900B6B469 /* UIViewExtension.swift in Sources */ = {isa = PBXBuildFile; fileRef = 9D14D2E0292CEEA900B6B469 /* UIViewExtension.swift */; };
		9D14D2E3292CFF8000B6B469 /* recordViewController.swift in Sources */ = {isa = PBXBuildFile; fileRef = 9D14D2E2292CFF8000B6B469 /* recordViewController.swift */; };
		9D2D0828292602A9009562E5 /* AppDelegate.swift in Sources */ = {isa = PBXBuildFile; fileRef = 9D2D0827292602A9009562E5 /* AppDelegate.swift */; };
		9D2D082A292602A9009562E5 /* SceneDelegate.swift in Sources */ = {isa = PBXBuildFile; fileRef = 9D2D0829292602A9009562E5 /* SceneDelegate.swift */; };
		9D2D082C292602A9009562E5 /* ViewController.swift in Sources */ = {isa = PBXBuildFile; fileRef = 9D2D082B292602A9009562E5 /* ViewController.swift */; };
		9D2D082F292602A9009562E5 /* Main.storyboard in Resources */ = {isa = PBXBuildFile; fileRef = 9D2D082D292602A9009562E5 /* Main.storyboard */; };
		9D2D0832292602A9009562E5 /* SoftTennis.xcdatamodeld in Sources */ = {isa = PBXBuildFile; fileRef = 9D2D0830292602A9009562E5 /* SoftTennis.xcdatamodeld */; };
		9D2D0834292602AA009562E5 /* Assets.xcassets in Resources */ = {isa = PBXBuildFile; fileRef = 9D2D0833292602AA009562E5 /* Assets.xcassets */; };
		9D2D0842292602AA009562E5 /* SoftTennisTests.swift in Sources */ = {isa = PBXBuildFile; fileRef = 9D2D0841292602AA009562E5 /* SoftTennisTests.swift */; };
		9D2D084C292602AA009562E5 /* SoftTennisUITests.swift in Sources */ = {isa = PBXBuildFile; fileRef = 9D2D084B292602AA009562E5 /* SoftTennisUITests.swift */; };
		9D2D084E292602AA009562E5 /* SoftTennisUITestsLaunchTests.swift in Sources */ = {isa = PBXBuildFile; fileRef = 9D2D084D292602AA009562E5 /* SoftTennisUITestsLaunchTests.swift */; };
		9DC73DE829CD9B1D00E6198D /* tournament.storyboard in Resources */ = {isa = PBXBuildFile; fileRef = 9DC73DE729CD9B1D00E6198D /* tournament.storyboard */; };
		9DC73DEC29D2D78700E6198D /* GoogleService-Info.plist in Resources */ = {isa = PBXBuildFile; fileRef = 9DC73DEB29D2D78700E6198D /* GoogleService-Info.plist */; };
		D13EF81A2A80D63E003157B8 /* gamecountViewController.swift in Sources */ = {isa = PBXBuildFile; fileRef = D13EF8192A80D63E003157B8 /* gamecountViewController.swift */; };
		D13EF81C2A80E8CF003157B8 /* gamecount.storyboard in Resources */ = {isa = PBXBuildFile; fileRef = D13EF81B2A80E8CF003157B8 /* gamecount.storyboard */; };
		D56B4100817E605F3BB585F6 /* Pods_SoftTennis_SoftTennisUITests.framework in Frameworks */ = {isa = PBXBuildFile; fileRef = 4BBC99611B6371B706680CA1 /* Pods_SoftTennis_SoftTennisUITests.framework */; };
/* End PBXBuildFile section */

/* Begin PBXContainerItemProxy section */
		9D2D083E292602AA009562E5 /* PBXContainerItemProxy */ = {
			isa = PBXContainerItemProxy;
			containerPortal = 9D2D081C292602A9009562E5 /* Project object */;
			proxyType = 1;
			remoteGlobalIDString = 9D2D0823292602A9009562E5;
			remoteInfo = SoftTennis;
		};
		9D2D0848292602AA009562E5 /* PBXContainerItemProxy */ = {
			isa = PBXContainerItemProxy;
			containerPortal = 9D2D081C292602A9009562E5 /* Project object */;
			proxyType = 1;
			remoteGlobalIDString = 9D2D0823292602A9009562E5;
			remoteInfo = SoftTennis;
		};
/* End PBXContainerItemProxy section */

/* Begin PBXFileReference section */
		3172D3EF752423D02AE9E4A7 /* Pods-SoftTennis-SoftTennisUITests.debug.xcconfig */ = {isa = PBXFileReference; includeInIndex = 1; lastKnownFileType = text.xcconfig; name = "Pods-SoftTennis-SoftTennisUITests.debug.xcconfig"; path = "Target Support Files/Pods-SoftTennis-SoftTennisUITests/Pods-SoftTennis-SoftTennisUITests.debug.xcconfig"; sourceTree = "<group>"; };
		3CE29666A655916BF7DB45E7 /* Pods-SoftTennisTests.release.xcconfig */ = {isa = PBXFileReference; includeInIndex = 1; lastKnownFileType = text.xcconfig; name = "Pods-SoftTennisTests.release.xcconfig"; path = "Target Support Files/Pods-SoftTennisTests/Pods-SoftTennisTests.release.xcconfig"; sourceTree = "<group>"; };
		4BBC99611B6371B706680CA1 /* Pods_SoftTennis_SoftTennisUITests.framework */ = {isa = PBXFileReference; explicitFileType = wrapper.framework; includeInIndex = 0; path = Pods_SoftTennis_SoftTennisUITests.framework; sourceTree = BUILT_PRODUCTS_DIR; };
		8066FA8B43A215737E16FFFA /* Pods-SoftTennis-SoftTennisUITests.release.xcconfig */ = {isa = PBXFileReference; includeInIndex = 1; lastKnownFileType = text.xcconfig; name = "Pods-SoftTennis-SoftTennisUITests.release.xcconfig"; path = "Target Support Files/Pods-SoftTennis-SoftTennisUITests/Pods-SoftTennis-SoftTennisUITests.release.xcconfig"; sourceTree = "<group>"; };
		896A73BA0111671B42E5CFA4 /* Pods-SoftTennis.debug.xcconfig */ = {isa = PBXFileReference; includeInIndex = 1; lastKnownFileType = text.xcconfig; name = "Pods-SoftTennis.debug.xcconfig"; path = "Target Support Files/Pods-SoftTennis/Pods-SoftTennis.debug.xcconfig"; sourceTree = "<group>"; };
		9D14D2DE292CB2B800B6B469 /* record.storyboard */ = {isa = PBXFileReference; lastKnownFileType = file.storyboard; path = record.storyboard; sourceTree = "<group>"; };
		9D14D2E0292CEEA900B6B469 /* UIViewExtension.swift */ = {isa = PBXFileReference; lastKnownFileType = sourcecode.swift; path = UIViewExtension.swift; sourceTree = "<group>"; };
		9D14D2E2292CFF8000B6B469 /* recordViewController.swift */ = {isa = PBXFileReference; lastKnownFileType = sourcecode.swift; path = recordViewController.swift; sourceTree = "<group>"; };
		9D2D0824292602A9009562E5 /* SoftTennis.app */ = {isa = PBXFileReference; explicitFileType = wrapper.application; includeInIndex = 0; path = SoftTennis.app; sourceTree = BUILT_PRODUCTS_DIR; };
		9D2D0827292602A9009562E5 /* AppDelegate.swift */ = {isa = PBXFileReference; lastKnownFileType = sourcecode.swift; path = AppDelegate.swift; sourceTree = "<group>"; };
		9D2D0829292602A9009562E5 /* SceneDelegate.swift */ = {isa = PBXFileReference; lastKnownFileType = sourcecode.swift; path = SceneDelegate.swift; sourceTree = "<group>"; };
		9D2D082B292602A9009562E5 /* ViewController.swift */ = {isa = PBXFileReference; lastKnownFileType = sourcecode.swift; path = ViewController.swift; sourceTree = "<group>"; };
		9D2D082E292602A9009562E5 /* Base */ = {isa = PBXFileReference; lastKnownFileType = file.storyboard; name = Base; path = Base.lproj/Main.storyboard; sourceTree = "<group>"; };
		9D2D0831292602A9009562E5 /* SoftTennis.xcdatamodel */ = {isa = PBXFileReference; lastKnownFileType = wrapper.xcdatamodel; path = SoftTennis.xcdatamodel; sourceTree = "<group>"; };
		9D2D0833292602AA009562E5 /* Assets.xcassets */ = {isa = PBXFileReference; lastKnownFileType = folder.assetcatalog; path = Assets.xcassets; sourceTree = "<group>"; };
		9D2D0838292602AA009562E5 /* Info.plist */ = {isa = PBXFileReference; lastKnownFileType = text.plist.xml; path = Info.plist; sourceTree = "<group>"; };
		9D2D083D292602AA009562E5 /* SoftTennisTests.xctest */ = {isa = PBXFileReference; explicitFileType = wrapper.cfbundle; includeInIndex = 0; path = SoftTennisTests.xctest; sourceTree = BUILT_PRODUCTS_DIR; };
		9D2D0841292602AA009562E5 /* SoftTennisTests.swift */ = {isa = PBXFileReference; lastKnownFileType = sourcecode.swift; path = SoftTennisTests.swift; sourceTree = "<group>"; };
		9D2D0847292602AA009562E5 /* SoftTennisUITests.xctest */ = {isa = PBXFileReference; explicitFileType = wrapper.cfbundle; includeInIndex = 0; path = SoftTennisUITests.xctest; sourceTree = BUILT_PRODUCTS_DIR; };
		9D2D084B292602AA009562E5 /* SoftTennisUITests.swift */ = {isa = PBXFileReference; lastKnownFileType = sourcecode.swift; path = SoftTennisUITests.swift; sourceTree = "<group>"; };
		9D2D084D292602AA009562E5 /* SoftTennisUITestsLaunchTests.swift */ = {isa = PBXFileReference; lastKnownFileType = sourcecode.swift; path = SoftTennisUITestsLaunchTests.swift; sourceTree = "<group>"; };
		9DC73DE729CD9B1D00E6198D /* tournament.storyboard */ = {isa = PBXFileReference; lastKnownFileType = file.storyboard; path = tournament.storyboard; sourceTree = "<group>"; };
		9DC73DEB29D2D78700E6198D /* GoogleService-Info.plist */ = {isa = PBXFileReference; fileEncoding = 4; lastKnownFileType = text.plist.xml; path = "GoogleService-Info.plist"; sourceTree = "<group>"; };
		B577B281EC96698C9A82B3C3 /* Pods_SoftTennis.framework */ = {isa = PBXFileReference; explicitFileType = wrapper.framework; includeInIndex = 0; path = Pods_SoftTennis.framework; sourceTree = BUILT_PRODUCTS_DIR; };
		C7A7B2B249FD7C65851CF37F /* Pods-SoftTennisTests.debug.xcconfig */ = {isa = PBXFileReference; includeInIndex = 1; lastKnownFileType = text.xcconfig; name = "Pods-SoftTennisTests.debug.xcconfig"; path = "Target Support Files/Pods-SoftTennisTests/Pods-SoftTennisTests.debug.xcconfig"; sourceTree = "<group>"; };
		CB983EC1B74F4AC6D5BFCAF0 /* Pods_SoftTennisTests.framework */ = {isa = PBXFileReference; explicitFileType = wrapper.framework; includeInIndex = 0; path = Pods_SoftTennisTests.framework; sourceTree = BUILT_PRODUCTS_DIR; };
		D13EF8192A80D63E003157B8 /* gamecountViewController.swift */ = {isa = PBXFileReference; lastKnownFileType = sourcecode.swift; path = gamecountViewController.swift; sourceTree = "<group>"; };
		D13EF81B2A80E8CF003157B8 /* gamecount.storyboard */ = {isa = PBXFileReference; lastKnownFileType = file.storyboard; path = gamecount.storyboard; sourceTree = "<group>"; };
		F1274EF1089C21D528CE59ED /* Pods-SoftTennis.release.xcconfig */ = {isa = PBXFileReference; includeInIndex = 1; lastKnownFileType = text.xcconfig; name = "Pods-SoftTennis.release.xcconfig"; path = "Target Support Files/Pods-SoftTennis/Pods-SoftTennis.release.xcconfig"; sourceTree = "<group>"; };
/* End PBXFileReference section */

/* Begin PBXFrameworksBuildPhase section */
		9D2D0821292602A9009562E5 /* Frameworks */ = {
			isa = PBXFrameworksBuildPhase;
			buildActionMask = 2147483647;
			files = (
				0F5F747C65A38CB29DEAD77B /* Pods_SoftTennis.framework in Frameworks */,
			);
			runOnlyForDeploymentPostprocessing = 0;
		};
		9D2D083A292602AA009562E5 /* Frameworks */ = {
			isa = PBXFrameworksBuildPhase;
			buildActionMask = 2147483647;
			files = (
				5489185181D65AB16EAA67BD /* Pods_SoftTennisTests.framework in Frameworks */,
			);
			runOnlyForDeploymentPostprocessing = 0;
		};
		9D2D0844292602AA009562E5 /* Frameworks */ = {
			isa = PBXFrameworksBuildPhase;
			buildActionMask = 2147483647;
			files = (
				D56B4100817E605F3BB585F6 /* Pods_SoftTennis_SoftTennisUITests.framework in Frameworks */,
			);
			runOnlyForDeploymentPostprocessing = 0;
		};
/* End PBXFrameworksBuildPhase section */

/* Begin PBXGroup section */
		5F32D881CE6F36CE0D911DA3 /* Pods */ = {
			isa = PBXGroup;
			children = (
				896A73BA0111671B42E5CFA4 /* Pods-SoftTennis.debug.xcconfig */,
				F1274EF1089C21D528CE59ED /* Pods-SoftTennis.release.xcconfig */,
				3172D3EF752423D02AE9E4A7 /* Pods-SoftTennis-SoftTennisUITests.debug.xcconfig */,
				8066FA8B43A215737E16FFFA /* Pods-SoftTennis-SoftTennisUITests.release.xcconfig */,
				C7A7B2B249FD7C65851CF37F /* Pods-SoftTennisTests.debug.xcconfig */,
				3CE29666A655916BF7DB45E7 /* Pods-SoftTennisTests.release.xcconfig */,
			);
			path = Pods;
			sourceTree = "<group>";
		};
		95C2B431E1473756E66A334D /* Frameworks */ = {
			isa = PBXGroup;
			children = (
				B577B281EC96698C9A82B3C3 /* Pods_SoftTennis.framework */,
				4BBC99611B6371B706680CA1 /* Pods_SoftTennis_SoftTennisUITests.framework */,
				CB983EC1B74F4AC6D5BFCAF0 /* Pods_SoftTennisTests.framework */,
			);
			name = Frameworks;
			sourceTree = "<group>";
		};
		9D2D081B292602A9009562E5 = {
			isa = PBXGroup;
			children = (
				9D2D0826292602A9009562E5 /* SoftTennis */,
				9D2D0840292602AA009562E5 /* SoftTennisTests */,
				9D2D084A292602AA009562E5 /* SoftTennisUITests */,
				9D2D0825292602A9009562E5 /* Products */,
				5F32D881CE6F36CE0D911DA3 /* Pods */,
				95C2B431E1473756E66A334D /* Frameworks */,
			);
			sourceTree = "<group>";
		};
		9D2D0825292602A9009562E5 /* Products */ = {
			isa = PBXGroup;
			children = (
				9D2D0824292602A9009562E5 /* SoftTennis.app */,
				9D2D083D292602AA009562E5 /* SoftTennisTests.xctest */,
				9D2D0847292602AA009562E5 /* SoftTennisUITests.xctest */,
			);
			name = Products;
			sourceTree = "<group>";
		};
		9D2D0826292602A9009562E5 /* SoftTennis */ = {
			isa = PBXGroup;
			children = (
				9D2D0827292602A9009562E5 /* AppDelegate.swift */,
				9D2D0829292602A9009562E5 /* SceneDelegate.swift */,
				9D2D082B292602A9009562E5 /* ViewController.swift */,
				9D2D082D292602A9009562E5 /* Main.storyboard */,
				D13EF81B2A80E8CF003157B8 /* gamecount.storyboard */,
				D13EF8192A80D63E003157B8 /* gamecountViewController.swift */,
				9DC73DE729CD9B1D00E6198D /* tournament.storyboard */,
				9D2D0833292602AA009562E5 /* Assets.xcassets */,
				9D14D2DE292CB2B800B6B469 /* record.storyboard */,
				9D14D2E2292CFF8000B6B469 /* recordViewController.swift */,
				9D2D0838292602AA009562E5 /* Info.plist */,
				9D2D0830292602A9009562E5 /* SoftTennis.xcdatamodeld */,
				9D14D2E0292CEEA900B6B469 /* UIViewExtension.swift */,
				9DC73DEB29D2D78700E6198D /* GoogleService-Info.plist */,
			);
			path = SoftTennis;
			sourceTree = "<group>";
		};
		9D2D0840292602AA009562E5 /* SoftTennisTests */ = {
			isa = PBXGroup;
			children = (
				9D2D0841292602AA009562E5 /* SoftTennisTests.swift */,
			);
			path = SoftTennisTests;
			sourceTree = "<group>";
		};
		9D2D084A292602AA009562E5 /* SoftTennisUITests */ = {
			isa = PBXGroup;
			children = (
				9D2D084B292602AA009562E5 /* SoftTennisUITests.swift */,
				9D2D084D292602AA009562E5 /* SoftTennisUITestsLaunchTests.swift */,
			);
			path = SoftTennisUITests;
			sourceTree = "<group>";
		};
/* End PBXGroup section */

/* Begin PBXNativeTarget section */
		9D2D0823292602A9009562E5 /* SoftTennis */ = {
			isa = PBXNativeTarget;
			buildConfigurationList = 9D2D0851292602AA009562E5 /* Build configuration list for PBXNativeTarget "SoftTennis" */;
			buildPhases = (
				325E5CD58F4633ADF18FE35B /* [CP] Check Pods Manifest.lock */,
				9D2D0820292602A9009562E5 /* Sources */,
				9D2D0821292602A9009562E5 /* Frameworks */,
				9D2D0822292602A9009562E5 /* Resources */,
				FDB6805D91504AD21D76829E /* [CP] Embed Pods Frameworks */,
			);
			buildRules = (
			);
			dependencies = (
			);
			name = SoftTennis;
			productName = SoftTennis;
			productReference = 9D2D0824292602A9009562E5 /* SoftTennis.app */;
			productType = "com.apple.product-type.application";
		};
		9D2D083C292602AA009562E5 /* SoftTennisTests */ = {
			isa = PBXNativeTarget;
			buildConfigurationList = 9D2D0854292602AA009562E5 /* Build configuration list for PBXNativeTarget "SoftTennisTests" */;
			buildPhases = (
				4BDC086771E42D001A029383 /* [CP] Check Pods Manifest.lock */,
				9D2D0839292602AA009562E5 /* Sources */,
				9D2D083A292602AA009562E5 /* Frameworks */,
				9D2D083B292602AA009562E5 /* Resources */,
			);
			buildRules = (
			);
			dependencies = (
				9D2D083F292602AA009562E5 /* PBXTargetDependency */,
			);
			name = SoftTennisTests;
			productName = SoftTennisTests;
			productReference = 9D2D083D292602AA009562E5 /* SoftTennisTests.xctest */;
			productType = "com.apple.product-type.bundle.unit-test";
		};
		9D2D0846292602AA009562E5 /* SoftTennisUITests */ = {
			isa = PBXNativeTarget;
			buildConfigurationList = 9D2D0857292602AA009562E5 /* Build configuration list for PBXNativeTarget "SoftTennisUITests" */;
			buildPhases = (
				436615C43D80D0E5F87E81F7 /* [CP] Check Pods Manifest.lock */,
				9D2D0843292602AA009562E5 /* Sources */,
				9D2D0844292602AA009562E5 /* Frameworks */,
				9D2D0845292602AA009562E5 /* Resources */,
				C8E7E8CA96AB129405D186DA /* [CP] Embed Pods Frameworks */,
			);
			buildRules = (
			);
			dependencies = (
				9D2D0849292602AA009562E5 /* PBXTargetDependency */,
			);
			name = SoftTennisUITests;
			productName = SoftTennisUITests;
			productReference = 9D2D0847292602AA009562E5 /* SoftTennisUITests.xctest */;
			productType = "com.apple.product-type.bundle.ui-testing";
		};
/* End PBXNativeTarget section */

/* Begin PBXProject section */
		9D2D081C292602A9009562E5 /* Project object */ = {
			isa = PBXProject;
			attributes = {
				BuildIndependentTargetsInParallel = 1;
				LastSwiftUpdateCheck = 1410;
				LastUpgradeCheck = 1410;
				TargetAttributes = {
					9D2D0823292602A9009562E5 = {
						CreatedOnToolsVersion = 14.1;
					};
					9D2D083C292602AA009562E5 = {
						CreatedOnToolsVersion = 14.1;
						TestTargetID = 9D2D0823292602A9009562E5;
					};
					9D2D0846292602AA009562E5 = {
						CreatedOnToolsVersion = 14.1;
						TestTargetID = 9D2D0823292602A9009562E5;
					};
				};
			};
			buildConfigurationList = 9D2D081F292602A9009562E5 /* Build configuration list for PBXProject "SoftTennis" */;
			compatibilityVersion = "Xcode 14.0";
			developmentRegion = en;
			hasScannedForEncodings = 0;
			knownRegions = (
				en,
				Base,
			);
			mainGroup = 9D2D081B292602A9009562E5;
			productRefGroup = 9D2D0825292602A9009562E5 /* Products */;
			projectDirPath = "";
			projectRoot = "";
			targets = (
				9D2D0823292602A9009562E5 /* SoftTennis */,
				9D2D083C292602AA009562E5 /* SoftTennisTests */,
				9D2D0846292602AA009562E5 /* SoftTennisUITests */,
			);
		};
/* End PBXProject section */

/* Begin PBXResourcesBuildPhase section */
		9D2D0822292602A9009562E5 /* Resources */ = {
			isa = PBXResourcesBuildPhase;
			buildActionMask = 2147483647;
			files = (
				9DC73DE829CD9B1D00E6198D /* tournament.storyboard in Resources */,
				9D2D0834292602AA009562E5 /* Assets.xcassets in Resources */,
				D13EF81C2A80E8CF003157B8 /* gamecount.storyboard in Resources */,
				9D2D082F292602A9009562E5 /* Main.storyboard in Resources */,
				9D14D2DF292CB2B800B6B469 /* record.storyboard in Resources */,
				9DC73DEC29D2D78700E6198D /* GoogleService-Info.plist in Resources */,
			);
			runOnlyForDeploymentPostprocessing = 0;
		};
		9D2D083B292602AA009562E5 /* Resources */ = {
			isa = PBXResourcesBuildPhase;
			buildActionMask = 2147483647;
			files = (
			);
			runOnlyForDeploymentPostprocessing = 0;
		};
		9D2D0845292602AA009562E5 /* Resources */ = {
			isa = PBXResourcesBuildPhase;
			buildActionMask = 2147483647;
			files = (
			);
			runOnlyForDeploymentPostprocessing = 0;
		};
/* End PBXResourcesBuildPhase section */

/* Begin PBXShellScriptBuildPhase section */
		325E5CD58F4633ADF18FE35B /* [CP] Check Pods Manifest.lock */ = {
			isa = PBXShellScriptBuildPhase;
			buildActionMask = 2147483647;
			files = (
			);
			inputFileListPaths = (
			);
			inputPaths = (
				"${PODS_PODFILE_DIR_PATH}/Podfile.lock",
				"${PODS_ROOT}/Manifest.lock",
			);
			name = "[CP] Check Pods Manifest.lock";
			outputFileListPaths = (
			);
			outputPaths = (
				"$(DERIVED_FILE_DIR)/Pods-SoftTennis-checkManifestLockResult.txt",
			);
			runOnlyForDeploymentPostprocessing = 0;
			shellPath = /bin/sh;
			shellScript = "diff \"${PODS_PODFILE_DIR_PATH}/Podfile.lock\" \"${PODS_ROOT}/Manifest.lock\" > /dev/null\nif [ $? != 0 ] ; then\n    # print error to STDERR\n    echo \"error: The sandbox is not in sync with the Podfile.lock. Run 'pod install' or update your CocoaPods installation.\" >&2\n    exit 1\nfi\n# This output is used by Xcode 'outputs' to avoid re-running this script phase.\necho \"SUCCESS\" > \"${SCRIPT_OUTPUT_FILE_0}\"\n";
			showEnvVarsInLog = 0;
		};
		436615C43D80D0E5F87E81F7 /* [CP] Check Pods Manifest.lock */ = {
			isa = PBXShellScriptBuildPhase;
			buildActionMask = 2147483647;
			files = (
			);
			inputFileListPaths = (
			);
			inputPaths = (
				"${PODS_PODFILE_DIR_PATH}/Podfile.lock",
				"${PODS_ROOT}/Manifest.lock",
			);
			name = "[CP] Check Pods Manifest.lock";
			outputFileListPaths = (
			);
			outputPaths = (
				"$(DERIVED_FILE_DIR)/Pods-SoftTennis-SoftTennisUITests-checkManifestLockResult.txt",
			);
			runOnlyForDeploymentPostprocessing = 0;
			shellPath = /bin/sh;
			shellScript = "diff \"${PODS_PODFILE_DIR_PATH}/Podfile.lock\" \"${PODS_ROOT}/Manifest.lock\" > /dev/null\nif [ $? != 0 ] ; then\n    # print error to STDERR\n    echo \"error: The sandbox is not in sync with the Podfile.lock. Run 'pod install' or update your CocoaPods installation.\" >&2\n    exit 1\nfi\n# This output is used by Xcode 'outputs' to avoid re-running this script phase.\necho \"SUCCESS\" > \"${SCRIPT_OUTPUT_FILE_0}\"\n";
			showEnvVarsInLog = 0;
		};
		4BDC086771E42D001A029383 /* [CP] Check Pods Manifest.lock */ = {
			isa = PBXShellScriptBuildPhase;
			buildActionMask = 2147483647;
			files = (
			);
			inputFileListPaths = (
			);
			inputPaths = (
				"${PODS_PODFILE_DIR_PATH}/Podfile.lock",
				"${PODS_ROOT}/Manifest.lock",
			);
			name = "[CP] Check Pods Manifest.lock";
			outputFileListPaths = (
			);
			outputPaths = (
				"$(DERIVED_FILE_DIR)/Pods-SoftTennisTests-checkManifestLockResult.txt",
			);
			runOnlyForDeploymentPostprocessing = 0;
			shellPath = /bin/sh;
			shellScript = "diff \"${PODS_PODFILE_DIR_PATH}/Podfile.lock\" \"${PODS_ROOT}/Manifest.lock\" > /dev/null\nif [ $? != 0 ] ; then\n    # print error to STDERR\n    echo \"error: The sandbox is not in sync with the Podfile.lock. Run 'pod install' or update your CocoaPods installation.\" >&2\n    exit 1\nfi\n# This output is used by Xcode 'outputs' to avoid re-running this script phase.\necho \"SUCCESS\" > \"${SCRIPT_OUTPUT_FILE_0}\"\n";
			showEnvVarsInLog = 0;
		};
		C8E7E8CA96AB129405D186DA /* [CP] Embed Pods Frameworks */ = {
			isa = PBXShellScriptBuildPhase;
			buildActionMask = 2147483647;
			files = (
			);
			inputFileListPaths = (
				"${PODS_ROOT}/Target Support Files/Pods-SoftTennis-SoftTennisUITests/Pods-SoftTennis-SoftTennisUITests-frameworks-${CONFIGURATION}-input-files.xcfilelist",
			);
			name = "[CP] Embed Pods Frameworks";
			outputFileListPaths = (
				"${PODS_ROOT}/Target Support Files/Pods-SoftTennis-SoftTennisUITests/Pods-SoftTennis-SoftTennisUITests-frameworks-${CONFIGURATION}-output-files.xcfilelist",
			);
			runOnlyForDeploymentPostprocessing = 0;
			shellPath = /bin/sh;
			shellScript = "\"${PODS_ROOT}/Target Support Files/Pods-SoftTennis-SoftTennisUITests/Pods-SoftTennis-SoftTennisUITests-frameworks.sh\"\n";
			showEnvVarsInLog = 0;
		};
		FDB6805D91504AD21D76829E /* [CP] Embed Pods Frameworks */ = {
			isa = PBXShellScriptBuildPhase;
			buildActionMask = 2147483647;
			files = (
			);
			inputFileListPaths = (
				"${PODS_ROOT}/Target Support Files/Pods-SoftTennis/Pods-SoftTennis-frameworks-${CONFIGURATION}-input-files.xcfilelist",
			);
			name = "[CP] Embed Pods Frameworks";
			outputFileListPaths = (
				"${PODS_ROOT}/Target Support Files/Pods-SoftTennis/Pods-SoftTennis-frameworks-${CONFIGURATION}-output-files.xcfilelist",
			);
			runOnlyForDeploymentPostprocessing = 0;
			shellPath = /bin/sh;
			shellScript = "\"${PODS_ROOT}/Target Support Files/Pods-SoftTennis/Pods-SoftTennis-frameworks.sh\"\n";
			showEnvVarsInLog = 0;
		};
/* End PBXShellScriptBuildPhase section */

/* Begin PBXSourcesBuildPhase section */
		9D2D0820292602A9009562E5 /* Sources */ = {
			isa = PBXSourcesBuildPhase;
			buildActionMask = 2147483647;
			files = (
				9D14D2E1292CEEA900B6B469 /* UIViewExtension.swift in Sources */,
				9D2D0832292602A9009562E5 /* SoftTennis.xcdatamodeld in Sources */,
				D13EF81A2A80D63E003157B8 /* gamecountViewController.swift in Sources */,
				9D2D082C292602A9009562E5 /* ViewController.swift in Sources */,
				9D2D0828292602A9009562E5 /* AppDelegate.swift in Sources */,
				9D2D082A292602A9009562E5 /* SceneDelegate.swift in Sources */,
				9D14D2E3292CFF8000B6B469 /* recordViewController.swift in Sources */,
			);
			runOnlyForDeploymentPostprocessing = 0;
		};
		9D2D0839292602AA009562E5 /* Sources */ = {
			isa = PBXSourcesBuildPhase;
			buildActionMask = 2147483647;
			files = (
				9D2D0842292602AA009562E5 /* SoftTennisTests.swift in Sources */,
			);
			runOnlyForDeploymentPostprocessing = 0;
		};
		9D2D0843292602AA009562E5 /* Sources */ = {
			isa = PBXSourcesBuildPhase;
			buildActionMask = 2147483647;
			files = (
				9D2D084C292602AA009562E5 /* SoftTennisUITests.swift in Sources */,
				9D2D084E292602AA009562E5 /* SoftTennisUITestsLaunchTests.swift in Sources */,
			);
			runOnlyForDeploymentPostprocessing = 0;
		};
/* End PBXSourcesBuildPhase section */

/* Begin PBXTargetDependency section */
		9D2D083F292602AA009562E5 /* PBXTargetDependency */ = {
			isa = PBXTargetDependency;
			target = 9D2D0823292602A9009562E5 /* SoftTennis */;
			targetProxy = 9D2D083E292602AA009562E5 /* PBXContainerItemProxy */;
		};
		9D2D0849292602AA009562E5 /* PBXTargetDependency */ = {
			isa = PBXTargetDependency;
			target = 9D2D0823292602A9009562E5 /* SoftTennis */;
			targetProxy = 9D2D0848292602AA009562E5 /* PBXContainerItemProxy */;
		};
/* End PBXTargetDependency section */

/* Begin PBXVariantGroup section */
		9D2D082D292602A9009562E5 /* Main.storyboard */ = {
			isa = PBXVariantGroup;
			children = (
				9D2D082E292602A9009562E5 /* Base */,
			);
			name = Main.storyboard;
			sourceTree = "<group>";
		};
/* End PBXVariantGroup section */

/* Begin XCBuildConfiguration section */
		9D2D084F292602AA009562E5 /* Debug */ = {
			isa = XCBuildConfiguration;
			buildSettings = {
				ALWAYS_SEARCH_USER_PATHS = NO;
				CLANG_ANALYZER_NONNULL = YES;
				CLANG_ANALYZER_NUMBER_OBJECT_CONVERSION = YES_AGGRESSIVE;
				CLANG_CXX_LANGUAGE_STANDARD = "gnu++20";
				CLANG_ENABLE_MODULES = YES;
				CLANG_ENABLE_OBJC_ARC = YES;
				CLANG_ENABLE_OBJC_WEAK = YES;
				CLANG_WARN_BLOCK_CAPTURE_AUTORELEASING = YES;
				CLANG_WARN_BOOL_CONVERSION = YES;
				CLANG_WARN_COMMA = YES;
				CLANG_WARN_CONSTANT_CONVERSION = YES;
				CLANG_WARN_DEPRECATED_OBJC_IMPLEMENTATIONS = YES;
				CLANG_WARN_DIRECT_OBJC_ISA_USAGE = YES_ERROR;
				CLANG_WARN_DOCUMENTATION_COMMENTS = YES;
				CLANG_WARN_EMPTY_BODY = YES;
				CLANG_WARN_ENUM_CONVERSION = YES;
				CLANG_WARN_INFINITE_RECURSION = YES;
				CLANG_WARN_INT_CONVERSION = YES;
				CLANG_WARN_NON_LITERAL_NULL_CONVERSION = YES;
				CLANG_WARN_OBJC_IMPLICIT_RETAIN_SELF = YES;
				CLANG_WARN_OBJC_LITERAL_CONVERSION = YES;
				CLANG_WARN_OBJC_ROOT_CLASS = YES_ERROR;
				CLANG_WARN_QUOTED_INCLUDE_IN_FRAMEWORK_HEADER = YES;
				CLANG_WARN_RANGE_LOOP_ANALYSIS = YES;
				CLANG_WARN_STRICT_PROTOTYPES = YES;
				CLANG_WARN_SUSPICIOUS_MOVE = YES;
				CLANG_WARN_UNGUARDED_AVAILABILITY = YES_AGGRESSIVE;
				CLANG_WARN_UNREACHABLE_CODE = YES;
				CLANG_WARN__DUPLICATE_METHOD_MATCH = YES;
				COPY_PHASE_STRIP = NO;
				DEBUG_INFORMATION_FORMAT = dwarf;
				ENABLE_STRICT_OBJC_MSGSEND = YES;
				ENABLE_TESTABILITY = YES;
				GCC_C_LANGUAGE_STANDARD = gnu11;
				GCC_DYNAMIC_NO_PIC = NO;
				GCC_NO_COMMON_BLOCKS = YES;
				GCC_OPTIMIZATION_LEVEL = 0;
				GCC_PREPROCESSOR_DEFINITIONS = (
					"DEBUG=1",
					"$(inherited)",
				);
				GCC_WARN_64_TO_32_BIT_CONVERSION = YES;
				GCC_WARN_ABOUT_RETURN_TYPE = YES_ERROR;
				GCC_WARN_UNDECLARED_SELECTOR = YES;
				GCC_WARN_UNINITIALIZED_AUTOS = YES_AGGRESSIVE;
				GCC_WARN_UNUSED_FUNCTION = YES;
				GCC_WARN_UNUSED_VARIABLE = YES;
				IPHONEOS_DEPLOYMENT_TARGET = 16.1;
				MTL_ENABLE_DEBUG_INFO = INCLUDE_SOURCE;
				MTL_FAST_MATH = YES;
				ONLY_ACTIVE_ARCH = YES;
				SDKROOT = iphoneos;
				SWIFT_ACTIVE_COMPILATION_CONDITIONS = DEBUG;
				SWIFT_OPTIMIZATION_LEVEL = "-Onone";
			};
			name = Debug;
		};
		9D2D0850292602AA009562E5 /* Release */ = {
			isa = XCBuildConfiguration;
			buildSettings = {
				ALWAYS_SEARCH_USER_PATHS = NO;
				CLANG_ANALYZER_NONNULL = YES;
				CLANG_ANALYZER_NUMBER_OBJECT_CONVERSION = YES_AGGRESSIVE;
				CLANG_CXX_LANGUAGE_STANDARD = "gnu++20";
				CLANG_ENABLE_MODULES = YES;
				CLANG_ENABLE_OBJC_ARC = YES;
				CLANG_ENABLE_OBJC_WEAK = YES;
				CLANG_WARN_BLOCK_CAPTURE_AUTORELEASING = YES;
				CLANG_WARN_BOOL_CONVERSION = YES;
				CLANG_WARN_COMMA = YES;
				CLANG_WARN_CONSTANT_CONVERSION = YES;
				CLANG_WARN_DEPRECATED_OBJC_IMPLEMENTATIONS = YES;
				CLANG_WARN_DIRECT_OBJC_ISA_USAGE = YES_ERROR;
				CLANG_WARN_DOCUMENTATION_COMMENTS = YES;
				CLANG_WARN_EMPTY_BODY = YES;
				CLANG_WARN_ENUM_CONVERSION = YES;
				CLANG_WARN_INFINITE_RECURSION = YES;
				CLANG_WARN_INT_CONVERSION = YES;
				CLANG_WARN_NON_LITERAL_NULL_CONVERSION = YES;
				CLANG_WARN_OBJC_IMPLICIT_RETAIN_SELF = YES;
				CLANG_WARN_OBJC_LITERAL_CONVERSION = YES;
				CLANG_WARN_OBJC_ROOT_CLASS = YES_ERROR;
				CLANG_WARN_QUOTED_INCLUDE_IN_FRAMEWORK_HEADER = YES;
				CLANG_WARN_RANGE_LOOP_ANALYSIS = YES;
				CLANG_WARN_STRICT_PROTOTYPES = YES;
				CLANG_WARN_SUSPICIOUS_MOVE = YES;
				CLANG_WARN_UNGUARDED_AVAILABILITY = YES_AGGRESSIVE;
				CLANG_WARN_UNREACHABLE_CODE = YES;
				CLANG_WARN__DUPLICATE_METHOD_MATCH = YES;
				COPY_PHASE_STRIP = NO;
				DEBUG_INFORMATION_FORMAT = "dwarf-with-dsym";
				ENABLE_NS_ASSERTIONS = NO;
				ENABLE_STRICT_OBJC_MSGSEND = YES;
				GCC_C_LANGUAGE_STANDARD = gnu11;
				GCC_NO_COMMON_BLOCKS = YES;
				GCC_WARN_64_TO_32_BIT_CONVERSION = YES;
				GCC_WARN_ABOUT_RETURN_TYPE = YES_ERROR;
				GCC_WARN_UNDECLARED_SELECTOR = YES;
				GCC_WARN_UNINITIALIZED_AUTOS = YES_AGGRESSIVE;
				GCC_WARN_UNUSED_FUNCTION = YES;
				GCC_WARN_UNUSED_VARIABLE = YES;
				IPHONEOS_DEPLOYMENT_TARGET = 16.1;
				MTL_ENABLE_DEBUG_INFO = NO;
				MTL_FAST_MATH = YES;
				SDKROOT = iphoneos;
				SWIFT_COMPILATION_MODE = wholemodule;
				SWIFT_OPTIMIZATION_LEVEL = "-O";
				VALIDATE_PRODUCT = YES;
			};
			name = Release;
		};
		9D2D0852292602AA009562E5 /* Debug */ = {
			isa = XCBuildConfiguration;
			baseConfigurationReference = 896A73BA0111671B42E5CFA4 /* Pods-SoftTennis.debug.xcconfig */;
			buildSettings = {
				ASSETCATALOG_COMPILER_APPICON_NAME = AppIcon;
				ASSETCATALOG_COMPILER_GLOBAL_ACCENT_COLOR_NAME = AccentColor;
				CODE_SIGN_STYLE = Automatic;
				CURRENT_PROJECT_VERSION = 1;
				DEVELOPMENT_TEAM = VSG4G4293R;
				GENERATE_INFOPLIST_FILE = YES;
				INFOPLIST_FILE = SoftTennis/Info.plist;
				INFOPLIST_KEY_UIApplicationSupportsIndirectInputEvents = YES;
				INFOPLIST_KEY_UILaunchStoryboardName = LaunchScreen;
				INFOPLIST_KEY_UIMainStoryboardFile = Main;
				INFOPLIST_KEY_UISupportedInterfaceOrientations_iPad = "UIInterfaceOrientationPortrait UIInterfaceOrientationPortraitUpsideDown UIInterfaceOrientationLandscapeLeft UIInterfaceOrientationLandscapeRight";
				INFOPLIST_KEY_UISupportedInterfaceOrientations_iPhone = "UIInterfaceOrientationPortrait UIInterfaceOrientationLandscapeLeft UIInterfaceOrientationLandscapeRight";
				IPHONEOS_DEPLOYMENT_TARGET = 15.6;
				LD_RUNPATH_SEARCH_PATHS = (
					"$(inherited)",
					"@executable_path/Frameworks",
				);
				MARKETING_VERSION = 1.0;
				PRODUCT_BUNDLE_IDENTIFIER = sunspp.SoftTennis;
				PRODUCT_NAME = "$(TARGET_NAME)";
				SWIFT_EMIT_LOC_STRINGS = YES;
				SWIFT_VERSION = 5.0;
				TARGETED_DEVICE_FAMILY = "1,2";
			};
			name = Debug;
		};
		9D2D0853292602AA009562E5 /* Release */ = {
			isa = XCBuildConfiguration;
			baseConfigurationReference = F1274EF1089C21D528CE59ED /* Pods-SoftTennis.release.xcconfig */;
			buildSettings = {
				ASSETCATALOG_COMPILER_APPICON_NAME = AppIcon;
				ASSETCATALOG_COMPILER_GLOBAL_ACCENT_COLOR_NAME = AccentColor;
				CODE_SIGN_STYLE = Automatic;
				CURRENT_PROJECT_VERSION = 1;
				DEVELOPMENT_TEAM = VSG4G4293R;
				GENERATE_INFOPLIST_FILE = YES;
				INFOPLIST_FILE = SoftTennis/Info.plist;
				INFOPLIST_KEY_UIApplicationSupportsIndirectInputEvents = YES;
				INFOPLIST_KEY_UILaunchStoryboardName = LaunchScreen;
				INFOPLIST_KEY_UIMainStoryboardFile = Main;
				INFOPLIST_KEY_UISupportedInterfaceOrientations_iPad = "UIInterfaceOrientationPortrait UIInterfaceOrientationPortraitUpsideDown UIInterfaceOrientationLandscapeLeft UIInterfaceOrientationLandscapeRight";
				INFOPLIST_KEY_UISupportedInterfaceOrientations_iPhone = "UIInterfaceOrientationPortrait UIInterfaceOrientationLandscapeLeft UIInterfaceOrientationLandscapeRight";
				IPHONEOS_DEPLOYMENT_TARGET = 15.6;
				LD_RUNPATH_SEARCH_PATHS = (
					"$(inherited)",
					"@executable_path/Frameworks",
				);
				MARKETING_VERSION = 1.0;
				PRODUCT_BUNDLE_IDENTIFIER = sunspp.SoftTennis;
				PRODUCT_NAME = "$(TARGET_NAME)";
				SWIFT_EMIT_LOC_STRINGS = YES;
				SWIFT_VERSION = 5.0;
				TARGETED_DEVICE_FAMILY = "1,2";
			};
			name = Release;
		};
		9D2D0855292602AA009562E5 /* Debug */ = {
			isa = XCBuildConfiguration;
			baseConfigurationReference = C7A7B2B249FD7C65851CF37F /* Pods-SoftTennisTests.debug.xcconfig */;
			buildSettings = {
				ALWAYS_EMBED_SWIFT_STANDARD_LIBRARIES = YES;
				BUNDLE_LOADER = "$(TEST_HOST)";
				CODE_SIGN_STYLE = Automatic;
				CURRENT_PROJECT_VERSION = 1;
				DEVELOPMENT_TEAM = 89UPPMY73V;
				GENERATE_INFOPLIST_FILE = YES;
				IPHONEOS_DEPLOYMENT_TARGET = 16.1;
				MARKETING_VERSION = 1.0;
				PRODUCT_BUNDLE_IDENTIFIER = sunspp.SoftTennisTests;
				PRODUCT_NAME = "$(TARGET_NAME)";
				SWIFT_EMIT_LOC_STRINGS = NO;
				SWIFT_VERSION = 5.0;
				TARGETED_DEVICE_FAMILY = "1,2";
				TEST_HOST = "$(BUILT_PRODUCTS_DIR)/SoftTennis.app/$(BUNDLE_EXECUTABLE_FOLDER_PATH)/SoftTennis";
			};
			name = Debug;
		};
		9D2D0856292602AA009562E5 /* Release */ = {
			isa = XCBuildConfiguration;
			baseConfigurationReference = 3CE29666A655916BF7DB45E7 /* Pods-SoftTennisTests.release.xcconfig */;
			buildSettings = {
				ALWAYS_EMBED_SWIFT_STANDARD_LIBRARIES = YES;
				BUNDLE_LOADER = "$(TEST_HOST)";
				CODE_SIGN_STYLE = Automatic;
				CURRENT_PROJECT_VERSION = 1;
				DEVELOPMENT_TEAM = 89UPPMY73V;
				GENERATE_INFOPLIST_FILE = YES;
				IPHONEOS_DEPLOYMENT_TARGET = 16.1;
				MARKETING_VERSION = 1.0;
				PRODUCT_BUNDLE_IDENTIFIER = sunspp.SoftTennisTests;
				PRODUCT_NAME = "$(TARGET_NAME)";
				SWIFT_EMIT_LOC_STRINGS = NO;
				SWIFT_VERSION = 5.0;
				TARGETED_DEVICE_FAMILY = "1,2";
				TEST_HOST = "$(BUILT_PRODUCTS_DIR)/SoftTennis.app/$(BUNDLE_EXECUTABLE_FOLDER_PATH)/SoftTennis";
			};
			name = Release;
		};
		9D2D0858292602AA009562E5 /* Debug */ = {
			isa = XCBuildConfiguration;
			baseConfigurationReference = 3172D3EF752423D02AE9E4A7 /* Pods-SoftTennis-SoftTennisUITests.debug.xcconfig */;
			buildSettings = {
				ALWAYS_EMBED_SWIFT_STANDARD_LIBRARIES = YES;
				CODE_SIGN_STYLE = Automatic;
				CURRENT_PROJECT_VERSION = 1;
				DEVELOPMENT_TEAM = 89UPPMY73V;
				GENERATE_INFOPLIST_FILE = YES;
				MARKETING_VERSION = 1.0;
				PRODUCT_BUNDLE_IDENTIFIER = sunspp.SoftTennisUITests;
				PRODUCT_NAME = "$(TARGET_NAME)";
				SWIFT_EMIT_LOC_STRINGS = NO;
				SWIFT_VERSION = 5.0;
				TARGETED_DEVICE_FAMILY = "1,2";
				TEST_TARGET_NAME = SoftTennis;
			};
			name = Debug;
		};
		9D2D0859292602AA009562E5 /* Release */ = {
			isa = XCBuildConfiguration;
			baseConfigurationReference = 8066FA8B43A215737E16FFFA /* Pods-SoftTennis-SoftTennisUITests.release.xcconfig */;
			buildSettings = {
				ALWAYS_EMBED_SWIFT_STANDARD_LIBRARIES = YES;
				CODE_SIGN_STYLE = Automatic;
				CURRENT_PROJECT_VERSION = 1;
				DEVELOPMENT_TEAM = 89UPPMY73V;
				GENERATE_INFOPLIST_FILE = YES;
				MARKETING_VERSION = 1.0;
				PRODUCT_BUNDLE_IDENTIFIER = sunspp.SoftTennisUITests;
				PRODUCT_NAME = "$(TARGET_NAME)";
				SWIFT_EMIT_LOC_STRINGS = NO;
				SWIFT_VERSION = 5.0;
				TARGETED_DEVICE_FAMILY = "1,2";
				TEST_TARGET_NAME = SoftTennis;
			};
			name = Release;
		};
/* End XCBuildConfiguration section */

/* Begin XCConfigurationList section */
		9D2D081F292602A9009562E5 /* Build configuration list for PBXProject "SoftTennis" */ = {
			isa = XCConfigurationList;
			buildConfigurations = (
				9D2D084F292602AA009562E5 /* Debug */,
				9D2D0850292602AA009562E5 /* Release */,
			);
			defaultConfigurationIsVisible = 0;
			defaultConfigurationName = Release;
		};
		9D2D0851292602AA009562E5 /* Build configuration list for PBXNativeTarget "SoftTennis" */ = {
			isa = XCConfigurationList;
			buildConfigurations = (
				9D2D0852292602AA009562E5 /* Debug */,
				9D2D0853292602AA009562E5 /* Release */,
			);
			defaultConfigurationIsVisible = 0;
			defaultConfigurationName = Release;
		};
		9D2D0854292602AA009562E5 /* Build configuration list for PBXNativeTarget "SoftTennisTests" */ = {
			isa = XCConfigurationList;
			buildConfigurations = (
				9D2D0855292602AA009562E5 /* Debug */,
				9D2D0856292602AA009562E5 /* Release */,
			);
			defaultConfigurationIsVisible = 0;
			defaultConfigurationName = Release;
		};
		9D2D0857292602AA009562E5 /* Build configuration list for PBXNativeTarget "SoftTennisUITests" */ = {
			isa = XCConfigurationList;
			buildConfigurations = (
				9D2D0858292602AA009562E5 /* Debug */,
				9D2D0859292602AA009562E5 /* Release */,
			);
			defaultConfigurationIsVisible = 0;
			defaultConfigurationName = Release;
		};
/* End XCConfigurationList section */

/* Begin XCVersionGroup section */
		9D2D0830292602A9009562E5 /* SoftTennis.xcdatamodeld */ = {
			isa = XCVersionGroup;
			children = (
				9D2D0831292602A9009562E5 /* SoftTennis.xcdatamodel */,
			);
			currentVersion = 9D2D0831292602A9009562E5 /* SoftTennis.xcdatamodel */;
			path = SoftTennis.xcdatamodeld;
			sourceTree = "<group>";
			versionGroupType = wrapper.xcdatamodel;
		};
/* End XCVersionGroup section */
	};
	rootObject = 9D2D081C292602A9009562E5 /* Project object */;
}
